# THIS IS AN AUTOGENERATED FILE. DO NOT EDIT THIS FILE DIRECTLY.
# yarn lockfile v1


"@babel/helper-plugin-utils@^7.8.0":
  version "7.10.4"
  resolved "https://registry.yarnpkg.com/@babel/helper-plugin-utils/-/helper-plugin-utils-7.10.4.tgz#2f75a831269d4f677de49986dff59927533cf375"
  integrity sha512-O4KCvQA6lLiMU9l2eawBPMf1xPP8xPfB3iEQw150hOVTqj/rfXz0ThTb4HEzqQfs2Bmo5Ay8BzxfzVtBrr9dVg==

"@babel/plugin-syntax-object-rest-spread@^7.8.3":
  version "7.8.3"
  resolved "https://registry.yarnpkg.com/@babel/plugin-syntax-object-rest-spread/-/plugin-syntax-object-rest-spread-7.8.3.tgz#60e225edcbd98a640332a2e72dd3e66f1af55871"
  integrity sha512-XoqMijGZb9y3y2XskN+P1wUGiVwWZ5JmoDRwx5+3GmEplNyVM2s2Dg8ILFQm8rWM48orGy5YpI5Bl8U1y7ydlA==
  dependencies:
    "@babel/helper-plugin-utils" "^7.8.0"

"@babel/runtime@^7.1.2", "@babel/runtime@^7.5.5":
  version "7.11.2"
  resolved "https://registry.yarnpkg.com/@babel/runtime/-/runtime-7.11.2.tgz#f549c13c754cc40b87644b9fa9f09a6a95fe0736"
  integrity sha512-TeWkU52so0mPtDcaCTxNBI/IHiz0pZgr8VEFqXFtZWpYD08ZB6FaSwVAS8MKRQAP3bYKiVjwysOJgMFY28o6Tw==
  dependencies:
    regenerator-runtime "^0.13.4"

"@fullhuman/postcss-purgecss@^2.1.2":
  version "2.3.0"
  resolved "https://registry.yarnpkg.com/@fullhuman/postcss-purgecss/-/postcss-purgecss-2.3.0.tgz#50a954757ec78696615d3e118e3fee2d9291882e"
  integrity sha512-qnKm5dIOyPGJ70kPZ5jiz0I9foVOic0j+cOzNDoo8KoCf6HjicIZ99UfO2OmE7vCYSKAAepEwJtNzpiiZAh9xw==
  dependencies:
    postcss "7.0.32"
    purgecss "^2.3.0"

"@testing-library/jest-dom@link:../node_modules/@testing-library/jest-dom":
  version "0.0.0"
  uid ""

"@testing-library/react@link:../node_modules/@testing-library/react":
  version "0.0.0"
  uid ""

"@testing-library/user-event@link:../node_modules/@testing-library/user-event":
  version "0.0.0"
  uid ""

"@types/classnames@^2.2.10":
  version "2.2.10"
  resolved "https://registry.yarnpkg.com/@types/classnames/-/classnames-2.2.10.tgz#cc658ca319b6355399efc1f5b9e818f1a24bf999"
  integrity sha512-1UzDldn9GfYYEsWWnn/P4wkTlkZDH7lDb0wBMGbtIQc9zXEQq7FlKBdZUn6OBqD8sKZZ2RQO2mAjGpXiDGoRmQ==

"@types/color-name@^1.1.1":
  version "1.1.1"
  resolved "https://registry.yarnpkg.com/@types/color-name/-/color-name-1.1.1.tgz#1c1261bbeaa10a8055bbc5d8ab84b7b2afc846a0"
  integrity sha512-rr+OQyAjxze7GgWrSaJwydHStIhHq2lvY3BOC2Mj7KnzI7XK0Uw1TOOdI9lDoajEbSWLiYgoo4f1R51erQfhPQ==

"@types/history@*":
  version "4.7.7"
  resolved "https://registry.yarnpkg.com/@types/history/-/history-4.7.7.tgz#613957d900fab9ff84c8dfb24fa3eef0c2a40896"
  integrity sha512-2xtoL22/3Mv6a70i4+4RB7VgbDDORoWwjcqeNysojZA0R7NK17RbY5Gof/2QiFfJgX+KkWghbwJ+d/2SB8Ndzg==

"@types/jest@link:../node_modules/@types/jest":
  version "0.0.0"
  uid ""

"@types/node@link:../node_modules/@types/node":
  version "0.0.0"
  uid ""

"@types/prop-types@*":
  version "15.7.3"
  resolved "https://registry.yarnpkg.com/@types/prop-types/-/prop-types-15.7.3.tgz#2ab0d5da2e5815f94b0b9d4b95d1e5f243ab2ca7"
  integrity sha512-KfRL3PuHmqQLOG+2tGpRO26Ctg+Cq1E01D2DMriKEATHgWLfeNDmq9e29Q9WIky0dQ3NPkd1mzYH8Lm936Z9qw==

"@types/react-dom@link:../node_modules/@types/react-dom":
  version "0.0.0"
  uid ""

"@types/react-router-dom@^5.1.5":
  version "5.1.5"
  resolved "https://registry.yarnpkg.com/@types/react-router-dom/-/react-router-dom-5.1.5.tgz#7c334a2ea785dbad2b2dcdd83d2cf3d9973da090"
  integrity sha512-ArBM4B1g3BWLGbaGvwBGO75GNFbLDUthrDojV2vHLih/Tq8M+tgvY1DSwkuNrPSwdp/GUL93WSEpTZs8nVyJLw==
  dependencies:
    "@types/history" "*"
    "@types/react" "*"
    "@types/react-router" "*"

"@types/react-router@*":
  version "5.1.8"
  resolved "https://registry.yarnpkg.com/@types/react-router/-/react-router-5.1.8.tgz#4614e5ba7559657438e17766bb95ef6ed6acc3fa"
  integrity sha512-HzOyJb+wFmyEhyfp4D4NYrumi+LQgQL/68HvJO+q6XtuHSDvw6Aqov7sCAhjbNq3bUPgPqbdvjXC5HeB2oEAPg==
  dependencies:
    "@types/history" "*"
    "@types/react" "*"

"@types/react@*":
  version "16.9.49"
  resolved "https://registry.yarnpkg.com/@types/react/-/react-16.9.49.tgz#09db021cf8089aba0cdb12a49f8021a69cce4872"
  integrity sha512-DtLFjSj0OYAdVLBbyjhuV9CdGVHCkHn2R+xr3XkBvK2rS1Y1tkc14XSGjYgm5Fjjr90AxH9tiSzc1pCFMGO06g==
  dependencies:
    "@types/prop-types" "*"
    csstype "^3.0.2"

"@types/react@link:../node_modules/@types/react":
  version "0.0.0"
  uid ""

"@xstate/react@link:../node_modules/@xstate/react":
  version "0.0.0"
  uid ""

acorn-node@^1.6.1:
  version "1.8.2"
  resolved "https://registry.yarnpkg.com/acorn-node/-/acorn-node-1.8.2.tgz#114c95d64539e53dede23de8b9d96df7c7ae2af8"
  integrity sha512-8mt+fslDufLYntIoPAaIMUe/lrbrehIiwmR3t2k9LljIzoigEPF27eLk2hy8zSGzmR/ogr7zbRKINMo1u0yh5A==
  dependencies:
    acorn "^7.0.0"
    acorn-walk "^7.0.0"
    xtend "^4.0.2"

acorn-walk@^7.0.0:
  version "7.2.0"
  resolved "https://registry.yarnpkg.com/acorn-walk/-/acorn-walk-7.2.0.tgz#0de889a601203909b0fbe07b8938dc21d2e967bc"
  integrity sha512-OPdCF6GsMIP+Az+aWfAAOEt2/+iVDKE7oy6lJ098aoe59oAmK76qV6Gw60SbZ8jHuG2wH058GF4pLFbYamYrVA==

acorn@^7.0.0:
  version "7.4.0"
  resolved "https://registry.yarnpkg.com/acorn/-/acorn-7.4.0.tgz#e1ad486e6c54501634c6c397c5c121daa383607c"
  integrity sha512-+G7P8jJmCHr+S+cLfQxygbWhXy+8YTVGzAkpEbcLo2mLoL7tij/VG41QSHACSf5QgYRhMZYHuNc6drJaO0Da+w==

ansi-styles@^3.2.1:
  version "3.2.1"
  resolved "https://registry.yarnpkg.com/ansi-styles/-/ansi-styles-3.2.1.tgz#41fbb20243e50b12be0f04b8dedbf07520ce841d"
  integrity sha512-VT0ZI6kZRdTh8YyJw3SMbYm/u+NqfsAxEpWO0Pf9sq8/e94WxxOpPKx9FR1FlyCtOVDNOQ+8ntlqFxiRc+r5qA==
  dependencies:
    color-convert "^1.9.0"

ansi-styles@^4.1.0:
  version "4.2.1"
  resolved "https://registry.yarnpkg.com/ansi-styles/-/ansi-styles-4.2.1.tgz#90ae75c424d008d2624c5bf29ead3177ebfcf359"
  integrity sha512-9VGjrMsG1vePxcSweQsN20KY/c4zN0h9fLjqAbwbPfahM3t+NL+M9HC8xeXG2I8pX5NoamTGNuomEUFI7fcUjA==
  dependencies:
    "@types/color-name" "^1.1.1"
    color-convert "^2.0.1"

asap@~2.0.3:
  version "2.0.6"
  resolved "https://registry.yarnpkg.com/asap/-/asap-2.0.6.tgz#e50347611d7e690943208bbdafebcbc2fb866d46"
  integrity sha1-5QNHYR1+aQlDIIu9r+vLwvuGbUY=

autoprefixer@^9.4.5, autoprefixer@^9.8.6:
  version "9.8.6"
  resolved "https://registry.yarnpkg.com/autoprefixer/-/autoprefixer-9.8.6.tgz#3b73594ca1bf9266320c5acf1588d74dea74210f"
  integrity sha512-XrvP4VVHdRBCdX1S3WXVD8+RyG9qeb1D5Sn1DeLiG2xfSpzellk5k54xbUERJ3M5DggQxes39UGOTP8CFrEGbg==
  dependencies:
    browserslist "^4.12.0"
    caniuse-lite "^1.0.30001109"
    colorette "^1.2.1"
    normalize-range "^0.1.2"
    num2fraction "^1.2.2"
    postcss "^7.0.32"
    postcss-value-parser "^4.1.0"

balanced-match@^1.0.0:
  version "1.0.0"
  resolved "https://registry.yarnpkg.com/balanced-match/-/balanced-match-1.0.0.tgz#89b4d199ab2bee49de164ea02b89ce462d71b767"
  integrity sha1-ibTRmasr7kneFk6gK4nORi1xt2c=

brace-expansion@^1.1.7:
  version "1.1.11"
  resolved "https://registry.yarnpkg.com/brace-expansion/-/brace-expansion-1.1.11.tgz#3c7fcbf529d87226f3d2f52b966ff5271eb441dd"
  integrity sha512-iCuPHDFgrHX7H2vEI/5xpz07zSHB00TpugqhmYtVmMO6518mCuRMoOYFldEBl0g187ufozdaHgWKcYFb61qGiA==
  dependencies:
    balanced-match "^1.0.0"
    concat-map "0.0.1"

browserslist@^4.12.0:
  version "4.14.1"
  resolved "https://registry.yarnpkg.com/browserslist/-/browserslist-4.14.1.tgz#cb2b490ba881d45dc3039078c7ed04411eaf3fa3"
  integrity sha512-zyBTIHydW37pnb63c7fHFXUG6EcqWOqoMdDx6cdyaDFriZ20EoVxcE95S54N+heRqY8m8IUgB5zYta/gCwSaaA==
  dependencies:
    caniuse-lite "^1.0.30001124"
    electron-to-chromium "^1.3.562"
    escalade "^3.0.2"
    node-releases "^1.1.60"

buble@0.19.6:
  version "0.19.6"
  resolved "https://registry.yarnpkg.com/buble/-/buble-0.19.6.tgz#915909b6bd5b11ee03b1c885ec914a8b974d34d3"
  integrity sha512-9kViM6nJA1Q548Jrd06x0geh+BG2ru2+RMDkIHHgJY/8AcyCs34lTHwra9BX7YdPrZXd5aarkpr/SY8bmPgPdg==
  dependencies:
    chalk "^2.4.1"
    magic-string "^0.25.1"
    minimist "^1.2.0"
    os-homedir "^1.0.1"
    regexpu-core "^4.2.0"
    vlq "^1.0.0"

bytes@^3.0.0:
  version "3.1.0"
  resolved "https://registry.yarnpkg.com/bytes/-/bytes-3.1.0.tgz#f6cf7933a360e0588fa9fde85651cdc7f805d1f6"
  integrity sha512-zauLjrfCG+xvoyaqLoV8bLVXXNGC4JqlxFCutSDWA6fJrTo2ZuvLYTqZ7aHBLZSMOopbzwv8f+wZcVzfVTI2Dg==

camelcase-css@^2.0.1:
  version "2.0.1"
  resolved "https://registry.yarnpkg.com/camelcase-css/-/camelcase-css-2.0.1.tgz#ee978f6947914cc30c6b44741b6ed1df7f043fd5"
  integrity sha512-QOSvevhslijgYwRx6Rv7zKdMF8lbRmx+uQGx2+vDc+KI/eBnsy9kit5aj23AgGu3pa4t9AgwbnXWqS+iOY+2aA==

caniuse-lite@^1.0.30001109, caniuse-lite@^1.0.30001124:
  version "1.0.30001124"
  resolved "https://registry.yarnpkg.com/caniuse-lite/-/caniuse-lite-1.0.30001124.tgz#5d9998190258e11630d674fc50ea8e579ae0ced2"
  integrity sha512-zQW8V3CdND7GHRH6rxm6s59Ww4g/qGWTheoboW9nfeMg7sUoopIfKCcNZUjwYRCOrvereh3kwDpZj4VLQ7zGtA==

chalk@^2.4.1, chalk@^2.4.2:
  version "2.4.2"
  resolved "https://registry.yarnpkg.com/chalk/-/chalk-2.4.2.tgz#cd42541677a54333cf541a49108c1432b44c9424"
  integrity sha512-Mti+f9lpJNcwF4tWV8/OrTTtF1gZi+f8FqlyAdouralcFWFQWF2+NgCHShjkCb+IFBLq9buZwE1xckQU4peSuQ==
  dependencies:
    ansi-styles "^3.2.1"
    escape-string-regexp "^1.0.5"
    supports-color "^5.3.0"

"chalk@^3.0.0 || ^4.0.0":
  version "4.1.0"
  resolved "https://registry.yarnpkg.com/chalk/-/chalk-4.1.0.tgz#4e14870a618d9e2edd97dd8345fd9d9dc315646a"
  integrity sha512-qwx12AxXe2Q5xQ43Ac//I6v5aXTipYrSESdOgzrN+9XjgEpyjpKuvSGaN4qE93f7TQTlerQQ8S+EQ0EyDoVL1A==
  dependencies:
    ansi-styles "^4.1.0"
    supports-color "^7.1.0"

classnames@^2.2.6:
  version "2.2.6"
  resolved "https://registry.yarnpkg.com/classnames/-/classnames-2.2.6.tgz#43935bffdd291f326dad0a205309b38d00f650ce"
  integrity sha512-JR/iSQOSt+LQIWwrwEzJ9uk0xfN3mTVYMwt1Ir5mUcSN6pU+V4zQFFaJsclJbPuAUQH+yfWef6tm7l1quW3C8Q==

color-convert@^1.9.0, color-convert@^1.9.1:
  version "1.9.3"
  resolved "https://registry.yarnpkg.com/color-convert/-/color-convert-1.9.3.tgz#bb71850690e1f136567de629d2d5471deda4c1e8"
  integrity sha512-QfAUtd+vFdAtFQcC8CCyYt1fYWxSqAiK2cSD6zDB8N3cpsEBAvRxp9zOGg6G/SHHJYAT88/az/IuDGALsNVbGg==
  dependencies:
    color-name "1.1.3"

color-convert@^2.0.1:
  version "2.0.1"
  resolved "https://registry.yarnpkg.com/color-convert/-/color-convert-2.0.1.tgz#72d3a68d598c9bdb3af2ad1e84f21d896abd4de3"
  integrity sha512-RRECPsj7iu/xb5oKYcsFHSppFNnsj/52OVTRKb4zP5onXwVF3zVmmToNcOfGC+CRDpfK/U584fMg38ZHCaElKQ==
  dependencies:
    color-name "~1.1.4"

color-name@1.1.3:
  version "1.1.3"
  resolved "https://registry.yarnpkg.com/color-name/-/color-name-1.1.3.tgz#a7d0558bd89c42f795dd42328f740831ca53bc25"
  integrity sha1-p9BVi9icQveV3UIyj3QIMcpTvCU=

color-name@^1.0.0, color-name@~1.1.4:
  version "1.1.4"
  resolved "https://registry.yarnpkg.com/color-name/-/color-name-1.1.4.tgz#c2a09a87acbde69543de6f63fa3995c826c536a2"
  integrity sha512-dOy+3AuW3a2wNbZHIuMZpTcgjGuLU/uBL/ubcZF9OXbDo8ff4O8yVp5Bf0efS8uEoYo5q4Fx7dY9OgQGXgAsQA==

color-string@^1.5.2:
  version "1.5.3"
  resolved "https://registry.yarnpkg.com/color-string/-/color-string-1.5.3.tgz#c9bbc5f01b58b5492f3d6857459cb6590ce204cc"
  integrity sha512-dC2C5qeWoYkxki5UAXapdjqO672AM4vZuPGRQfO8b5HKuKGBbKWpITyDYN7TOFKvRW7kOgAn3746clDBMDJyQw==
  dependencies:
    color-name "^1.0.0"
    simple-swizzle "^0.2.2"

color@^3.1.2:
  version "3.1.2"
  resolved "https://registry.yarnpkg.com/color/-/color-3.1.2.tgz#68148e7f85d41ad7649c5fa8c8106f098d229e10"
  integrity sha512-vXTJhHebByxZn3lDvDJYw4lR5+uB3vuoHsuYA5AKuxRVn5wzzIfQKGLBmgdVRHKTJYeK5rvJcHnrd0Li49CFpg==
  dependencies:
    color-convert "^1.9.1"
    color-string "^1.5.2"

colorette@^1.2.1:
  version "1.2.1"
  resolved "https://registry.yarnpkg.com/colorette/-/colorette-1.2.1.tgz#4d0b921325c14faf92633086a536db6e89564b1b"
  integrity sha512-puCDz0CzydiSYOrnXpz/PKd69zRrribezjtE9yd4zvytoRc8+RY/KJPvtPFKZS3E3wP6neGyMe0vOTlHO5L3Pw==

commander@^5.0.0:
  version "5.1.0"
  resolved "https://registry.yarnpkg.com/commander/-/commander-5.1.0.tgz#46abbd1652f8e059bddaef99bbdcb2ad9cf179ae"
  integrity sha512-P0CysNDQ7rtVw4QIQtm+MRxV66vKFSvlsQvGYXZWR3qFU0jlMKHZZZgw8e+8DSah4UDKMqnknRDQz+xuQXQ/Zg==

component-props@1.1.1:
  version "1.1.1"
  resolved "https://registry.yarnpkg.com/component-props/-/component-props-1.1.1.tgz#f9b7df9b9927b6e6d97c9bd272aa867670f34944"
  integrity sha1-+bffm5kntubZfJvScqqGdnDzSUQ=

component-xor@0.0.4:
  version "0.0.4"
  resolved "https://registry.yarnpkg.com/component-xor/-/component-xor-0.0.4.tgz#c55d83ccc1b94cd5089a4e93fa7891c7263e59aa"
  integrity sha1-xV2DzMG5TNUImk6T+niRxyY+Wao=

concat-map@0.0.1:
  version "0.0.1"
  resolved "https://registry.yarnpkg.com/concat-map/-/concat-map-0.0.1.tgz#d8a96bd77fd68df7793a73036a3ba0d5405d477b"
  integrity sha1-2Klr13/Wjfd5OnMDajug1UBdR3s=

core-js@^1.0.0:
  version "1.2.7"
  resolved "https://registry.yarnpkg.com/core-js/-/core-js-1.2.7.tgz#652294c14651db28fa93bd2d5ff2983a4f08c636"
  integrity sha1-ZSKUwUZR2yj6k70tX/KYOk8IxjY=

core-js@^2.4.1:
  version "2.6.11"
  resolved "https://registry.yarnpkg.com/core-js/-/core-js-2.6.11.tgz#38831469f9922bded8ee21c9dc46985e0399308c"
  integrity sha512-5wjnpaT/3dV+XB4borEsnAYQchn00XSgTAWKDkEqv+K8KevjbzmofK6hfJ9TZIlpj2N0xQpazy7PiRQiWHqzWg==

create-react-context@0.2.2:
  version "0.2.2"
  resolved "https://registry.yarnpkg.com/create-react-context/-/create-react-context-0.2.2.tgz#9836542f9aaa22868cd7d4a6f82667df38019dca"
  integrity sha512-KkpaLARMhsTsgp0d2NA/R94F/eDLbhXERdIq3LvX2biCAXcDvHYoOqHfWCHf1+OLj+HKBotLG3KqaOOf+C1C+A==
  dependencies:
    fbjs "^0.8.0"
    gud "^1.0.0"

css-unit-converter@^1.1.1:
  version "1.1.2"
  resolved "https://registry.yarnpkg.com/css-unit-converter/-/css-unit-converter-1.1.2.tgz#4c77f5a1954e6dbff60695ecb214e3270436ab21"
  integrity sha512-IiJwMC8rdZE0+xiEZHeru6YoONC4rfPMqGm2W85jMIbkFvv5nFTwJVFHam2eFrN6txmoUYFAFXiv8ICVeTO0MA==

cssesc@^3.0.0:
  version "3.0.0"
  resolved "https://registry.yarnpkg.com/cssesc/-/cssesc-3.0.0.tgz#37741919903b868565e1c09ea747445cd18983ee"
  integrity sha512-/Tb/JcjK111nNScGob5MNtsntNM1aCNUDipB/TkwZFhyDrrE47SOx/18wF2bbjgc3ZzCSKW1T5nt5EbFoAz/Vg==

csstype@^3.0.2:
  version "3.0.3"
  resolved "https://registry.yarnpkg.com/csstype/-/csstype-3.0.3.tgz#2b410bbeba38ba9633353aff34b05d9755d065f8"
  integrity sha512-jPl+wbWPOWJ7SXsWyqGRk3lGecbar0Cb0OvZF/r/ZU011R4YqiRehgkQ9p4eQfo9DSDLqLL3wHwfxeJiuIsNag==

customize-cra@^1.0.0:
  version "1.0.0"
  resolved "https://registry.yarnpkg.com/customize-cra/-/customize-cra-1.0.0.tgz#73286563631aa08127ad4d30a2e3c89cf4e93c8d"
  integrity sha512-DbtaLuy59224U+xCiukkxSq8clq++MOtJ1Et7LED1fLszWe88EoblEYFBJ895sB1mC6B4uu3xPT/IjClELhMbA==
  dependencies:
    lodash.flow "^3.5.0"

defined@^1.0.0:
  version "1.0.0"
  resolved "https://registry.yarnpkg.com/defined/-/defined-1.0.0.tgz#c98d9bcef75674188e110969151199e39b1fa693"
  integrity sha1-yY2bzvdWdBiOEQlpFRGZ45sfppM=

detective@^5.2.0:
  version "5.2.0"
  resolved "https://registry.yarnpkg.com/detective/-/detective-5.2.0.tgz#feb2a77e85b904ecdea459ad897cc90a99bd2a7b"
  integrity sha512-6SsIx+nUUbuK0EthKjv0zrdnajCCXVYGmbYYiYjFVpzcjwEs/JMDZ8tPRG29J/HhN56t3GJp2cGSWDRjjot8Pg==
  dependencies:
    acorn-node "^1.6.1"
    defined "^1.0.0"
    minimist "^1.1.1"

dom-iterator@^1.0.0:
  version "1.0.0"
  resolved "https://registry.yarnpkg.com/dom-iterator/-/dom-iterator-1.0.0.tgz#9c09899846ec41c2d257adc4d6015e4759ef05ad"
  integrity sha512-7dsMOQI07EMU98gQM8NSB3GsAiIeBYIPKpnxR3c9xOvdvBjChAcOM0iJ222I3p5xyiZO9e5oggkNaCusuTdYig==
  dependencies:
    component-props "1.1.1"
    component-xor "0.0.4"

electron-to-chromium@^1.3.562:
  version "1.3.562"
  resolved "https://registry.yarnpkg.com/electron-to-chromium/-/electron-to-chromium-1.3.562.tgz#79c20277ee1c8d0173a22af00e38433b752bc70f"
  integrity sha512-WhRe6liQ2q/w1MZc8mD8INkenHivuHdrr4r5EQHNomy3NJux+incP6M6lDMd0paShP3MD0WGe5R1TWmEClf+Bg==

encoding@^0.1.11:
  version "0.1.13"
  resolved "https://registry.yarnpkg.com/encoding/-/encoding-0.1.13.tgz#56574afdd791f54a8e9b2785c0582a2d26210fa9"
  integrity sha512-ETBauow1T35Y/WZMkio9jiM0Z5xjHHmJ4XmjZOq1l/dXz3lr2sRn87nJy20RupqSh1F2m3HHPSp8ShIPQJrJ3A==
  dependencies:
    iconv-lite "^0.6.2"

escalade@^3.0.2:
  version "3.0.2"
  resolved "https://registry.yarnpkg.com/escalade/-/escalade-3.0.2.tgz#6a580d70edb87880f22b4c91d0d56078df6962c4"
  integrity sha512-gPYAU37hYCUhW5euPeR+Y74F7BL+IBsV93j5cvGriSaD1aG6MGsqsV1yamRdrWrb2j3aiZvb0X+UBOWpx3JWtQ==

escape-string-regexp@^1.0.5:
  version "1.0.5"
  resolved "https://registry.yarnpkg.com/escape-string-regexp/-/escape-string-regexp-1.0.5.tgz#1b61c0562190a8dff6ae3bb2cf0200ca130b86d4"
  integrity sha1-G2HAViGQqN/2rjuyzwIAyhMLhtQ=

extend-shallow@^2.0.1:
  version "2.0.1"
  resolved "https://registry.yarnpkg.com/extend-shallow/-/extend-shallow-2.0.1.tgz#51af7d614ad9a9f610ea1bafbb989d6b1c56890f"
  integrity sha1-Ua99YUrZqfYQ6huvu5idaxxWiQ8=
  dependencies:
    is-extendable "^0.1.0"

fbjs@^0.8.0:
  version "0.8.17"
  resolved "https://registry.yarnpkg.com/fbjs/-/fbjs-0.8.17.tgz#c4d598ead6949112653d6588b01a5cdcd9f90fdd"
  integrity sha1-xNWY6taUkRJlPWWIsBpc3Nn5D90=
  dependencies:
    core-js "^1.0.0"
    isomorphic-fetch "^2.1.1"
    loose-envify "^1.0.0"
    object-assign "^4.1.0"
    promise "^7.1.1"
    setimmediate "^1.0.5"
    ua-parser-js "^0.7.18"

fs-extra@^8.0.0:
  version "8.1.0"
  resolved "https://registry.yarnpkg.com/fs-extra/-/fs-extra-8.1.0.tgz#49d43c45a88cd9677668cb7be1b46efdb8d2e1c0"
  integrity sha512-yhlQgA6mnOJUKOsRUFsgJdQCvkKhcz8tlZG5HBQfReYZy46OwLcY+Zia0mtdHsOo9y/hP+CxMN0TU9QxoOtG4g==
  dependencies:
    graceful-fs "^4.2.0"
    jsonfile "^4.0.0"
    universalify "^0.1.0"

fs.realpath@^1.0.0:
  version "1.0.0"
  resolved "https://registry.yarnpkg.com/fs.realpath/-/fs.realpath-1.0.0.tgz#1504ad2523158caa40db4a2787cb01411994ea4f"
  integrity sha1-FQStJSMVjKpA20onh8sBQRmU6k8=

glob@^7.0.0, glob@^7.1.2:
  version "7.1.6"
  resolved "https://registry.yarnpkg.com/glob/-/glob-7.1.6.tgz#141f33b81a7c2492e125594307480c46679278a6"
  integrity sha512-LwaxwyZ72Lk7vZINtNNrywX0ZuLyStrdDtabefZKAY5ZGJhVtgdznluResxNmPitE0SAO+O26sWTHeKSI2wMBA==
  dependencies:
    fs.realpath "^1.0.0"
    inflight "^1.0.4"
    inherits "2"
    minimatch "^3.0.4"
    once "^1.3.0"
    path-is-absolute "^1.0.0"

graceful-fs@^4.1.6, graceful-fs@^4.2.0:
  version "4.2.4"
  resolved "https://registry.yarnpkg.com/graceful-fs/-/graceful-fs-4.2.4.tgz#2256bde14d3632958c465ebc96dc467ca07a29fb"
  integrity sha512-WjKPNJF79dtJAVniUlGGWHYGz2jWxT6VhN/4m1NdkbZ2nOsEF+cI1Edgql5zCRhs/VsQYRvrXctxktVXZUkixw==

gud@^1.0.0:
  version "1.0.0"
  resolved "https://registry.yarnpkg.com/gud/-/gud-1.0.0.tgz#a489581b17e6a70beca9abe3ae57de7a499852c0"
  integrity sha512-zGEOVKFM5sVPPrYs7J5/hYEw2Pof8KCyOwyhG8sAF26mCAeUFAcYPu1mwB7hhpIP29zOIBaDqwuHdLp0jvZXjw==

has-flag@^3.0.0:
  version "3.0.0"
  resolved "https://registry.yarnpkg.com/has-flag/-/has-flag-3.0.0.tgz#b5d454dc2199ae225699f3467e5a07f3b955bafd"
  integrity sha1-tdRU3CGZriJWmfNGfloH87lVuv0=

has-flag@^4.0.0:
  version "4.0.0"
  resolved "https://registry.yarnpkg.com/has-flag/-/has-flag-4.0.0.tgz#944771fd9c81c81265c4d6941860da06bb59479b"
  integrity sha512-EykJT/Q1KjTWctppgIAgfSO0tKVuZUjhgMr17kqTumMl6Afv3EISleU7qZUzoXDFTAHTDC4NOoG/ZxU3EvlMPQ==

history@^4.9.0:
  version "4.10.1"
  resolved "https://registry.yarnpkg.com/history/-/history-4.10.1.tgz#33371a65e3a83b267434e2b3f3b1b4c58aad4cf3"
  integrity sha512-36nwAD620w12kuzPAsyINPWJqlNbij+hpK1k9XRloDtym8mxzGYl2c17LnV6IAGB2Dmg4tEa7G7DlawS0+qjew==
  dependencies:
    "@babel/runtime" "^7.1.2"
    loose-envify "^1.2.0"
    resolve-pathname "^3.0.0"
    tiny-invariant "^1.0.2"
    tiny-warning "^1.0.0"
    value-equal "^1.0.1"

hoist-non-react-statics@^3.1.0:
  version "3.3.2"
  resolved "https://registry.yarnpkg.com/hoist-non-react-statics/-/hoist-non-react-statics-3.3.2.tgz#ece0acaf71d62c2969c2ec59feff42a4b1a85b45"
  integrity sha512-/gGivxi8JPKWNm/W0jSmzcMPpfpPLc3dY/6GxhX2hQ9iGj3aDfklV4ET7NjKpSinLpJ5vafa9iiGIEZg10SfBw==
  dependencies:
    react-is "^16.7.0"

html-tags@^3.1.0:
  version "3.1.0"
  resolved "https://registry.yarnpkg.com/html-tags/-/html-tags-3.1.0.tgz#7b5e6f7e665e9fb41f30007ed9e0d41e97fb2140"
  integrity sha512-1qYz89hW3lFDEazhjW0yVAV87lw8lVkrJocr72XmBkMKsoSVJCQx3W8BXsC7hO2qAt8BoVjYjtAcZ9perqGnNg==

iconv-lite@^0.6.2:
  version "0.6.2"
  resolved "https://registry.yarnpkg.com/iconv-lite/-/iconv-lite-0.6.2.tgz#ce13d1875b0c3a674bd6a04b7f76b01b1b6ded01"
  integrity sha512-2y91h5OpQlolefMPmUlivelittSWy0rP+oYVpn6A7GwVHNE8AWzoYOBNmlwks3LobaJxgHCYZAnyNo2GgpNRNQ==
  dependencies:
    safer-buffer ">= 2.1.2 < 3.0.0"

indexes-of@^1.0.1:
  version "1.0.1"
  resolved "https://registry.yarnpkg.com/indexes-of/-/indexes-of-1.0.1.tgz#f30f716c8e2bd346c7b67d3df3915566a7c05607"
  integrity sha1-8w9xbI4r00bHtn0985FVZqfAVgc=

inflight@^1.0.4:
  version "1.0.6"
  resolved "https://registry.yarnpkg.com/inflight/-/inflight-1.0.6.tgz#49bd6331d7d02d0c09bc910a1075ba8165b56df9"
  integrity sha1-Sb1jMdfQLQwJvJEKEHW6gWW1bfk=
  dependencies:
    once "^1.3.0"
    wrappy "1"

inherits@2:
  version "2.0.4"
  resolved "https://registry.yarnpkg.com/inherits/-/inherits-2.0.4.tgz#0fa2c64f932917c3433a0ded55363aae37416b7c"
  integrity sha512-k/vGaX4/Yla3WzyMCvTQOXYeIHvqOKtnqBduzTHpzpQZzAskKMhZ2K+EnBiSM9zGSoIFeMpXKxa4dYeZIQqewQ==

is-arrayish@^0.3.1:
  version "0.3.2"
  resolved "https://registry.yarnpkg.com/is-arrayish/-/is-arrayish-0.3.2.tgz#4574a2ae56f7ab206896fb431eaeed066fdf8f03"
  integrity sha512-eVRqCvVlZbuw3GrM63ovNSNAeA1K16kaR/LRY/92w0zxQ5/1YzwblUX652i4Xs9RwAGjW9d9y6X88t8OaAJfWQ==

is-extendable@^0.1.0:
  version "0.1.1"
  resolved "https://registry.yarnpkg.com/is-extendable/-/is-extendable-0.1.1.tgz#62b110e289a471418e3ec36a617d472e301dfc89"
  integrity sha1-YrEQ4omkcUGOPsNqYX1HLjAd/Ik=

is-stream@^1.0.1:
  version "1.1.0"
  resolved "https://registry.yarnpkg.com/is-stream/-/is-stream-1.1.0.tgz#12d4a3dd4e68e0b79ceb8dbc84173ae80d91ca44"
  integrity sha1-EtSj3U5o4Lec6428hBc66A2RykQ=

isarray@0.0.1:
  version "0.0.1"
  resolved "https://registry.yarnpkg.com/isarray/-/isarray-0.0.1.tgz#8a18acfca9a8f4177e09abfc6038939b05d1eedf"
  integrity sha1-ihis/Kmo9Bd+Cav8YDiTmwXR7t8=

isomorphic-fetch@^2.1.1:
  version "2.2.1"
  resolved "https://registry.yarnpkg.com/isomorphic-fetch/-/isomorphic-fetch-2.2.1.tgz#611ae1acf14f5e81f729507472819fe9733558a9"
  integrity sha1-YRrhrPFPXoH3KVB0coGf6XM1WKk=
  dependencies:
    node-fetch "^1.0.1"
    whatwg-fetch ">=0.10.0"

"js-tokens@^3.0.0 || ^4.0.0":
  version "4.0.0"
  resolved "https://registry.yarnpkg.com/js-tokens/-/js-tokens-4.0.0.tgz#19203fb59991df98e3a287050d4647cdeaf32499"
  integrity sha512-RdJUflcE3cUzKiMqQgsCu06FPu9UdIJO0beYbPhHN4k6apgJtifcoCtT9bcxOpYBtpD2kCM6Sbzg4CausW/PKQ==

jsesc@~0.5.0:
  version "0.5.0"
  resolved "https://registry.yarnpkg.com/jsesc/-/jsesc-0.5.0.tgz#e7dee66e35d6fc16f710fe91d5cf69f70f08911d"
  integrity sha1-597mbjXW/Bb3EP6R1c9p9w8IkR0=

jsonfile@^4.0.0:
  version "4.0.0"
  resolved "https://registry.yarnpkg.com/jsonfile/-/jsonfile-4.0.0.tgz#8771aae0799b64076b76640fca058f9c10e33ecb"
  integrity sha1-h3Gq4HmbZAdrdmQPygWPnBDjPss=
  optionalDependencies:
    graceful-fs "^4.1.6"

"jsxstate@link:..":
  version "0.0.0"
  uid ""

lodash.flow@^3.5.0:
  version "3.5.0"
  resolved "https://registry.yarnpkg.com/lodash.flow/-/lodash.flow-3.5.0.tgz#87bf40292b8cf83e4e8ce1a3ae4209e20071675a"
  integrity sha1-h79AKSuM+D5OjOGjrkIJ4gBxZ1o=

lodash.toarray@^4.4.0:
  version "4.4.0"
  resolved "https://registry.yarnpkg.com/lodash.toarray/-/lodash.toarray-4.4.0.tgz#24c4bfcd6b2fba38bfd0594db1179d8e9b656561"
  integrity sha1-JMS/zWsvuji/0FlNsRedjptlZWE=

lodash@^4.17.20:
  version "4.17.20"
  resolved "https://registry.yarnpkg.com/lodash/-/lodash-4.17.20.tgz#b44a9b6297bcb698f1c51a3545a2b3b368d59c52"
  integrity sha512-PlhdFcillOINfeV7Ni6oF1TAEayyZBoZ8bcshTHqOYJYlrqzRK5hagpagky5o4HfCzzd1TRkXPMFq6cKk9rGmA==

loose-envify@^1.0.0, loose-envify@^1.2.0, loose-envify@^1.3.1, loose-envify@^1.4.0:
  version "1.4.0"
  resolved "https://registry.yarnpkg.com/loose-envify/-/loose-envify-1.4.0.tgz#71ee51fa7be4caec1a63839f7e682d8132d30caf"
  integrity sha512-lyuxPGr/Wfhrlem2CL/UcnUc1zcqKAImBDzukY7Y5F/yQiNdko6+fRLevlw1HgMySw7f611UIY408EtxRSoK3Q==
  dependencies:
    js-tokens "^3.0.0 || ^4.0.0"

magic-string@^0.25.1:
  version "0.25.7"
  resolved "https://registry.yarnpkg.com/magic-string/-/magic-string-0.25.7.tgz#3f497d6fd34c669c6798dcb821f2ef31f5445051"
  integrity sha512-4CrMT5DOHTDk4HYDlzmwu4FVCcIYI8gauveasrdCu2IKIFOJ3f0v/8MDGJCDL9oD2ppz/Av1b0Nj345H9M+XIA==
  dependencies:
    sourcemap-codec "^1.4.4"

mini-create-react-context@^0.4.0:
  version "0.4.0"
  resolved "https://registry.yarnpkg.com/mini-create-react-context/-/mini-create-react-context-0.4.0.tgz#df60501c83151db69e28eac0ef08b4002efab040"
  integrity sha512-b0TytUgFSbgFJGzJqXPKCFCBWigAjpjo+Fl7Vf7ZbKRDptszpppKxXH6DRXEABZ/gcEQczeb0iZ7JvL8e8jjCA==
  dependencies:
    "@babel/runtime" "^7.5.5"
    tiny-warning "^1.0.3"

minimatch@^3.0.4:
  version "3.0.4"
  resolved "https://registry.yarnpkg.com/minimatch/-/minimatch-3.0.4.tgz#5166e286457f03306064be5497e8dbb0c3d32083"
  integrity sha512-yJHVQEhyqPLUTgt9B83PXu6W3rx4MvvHvSUvToogpwoGDOUQ+yDrR0HRot+yOCdCO7u4hX3pWft6kWBBcqh0UA==
  dependencies:
    brace-expansion "^1.1.7"

minimist@^1.1.1, minimist@^1.2.0:
  version "1.2.5"
  resolved "https://registry.yarnpkg.com/minimist/-/minimist-1.2.5.tgz#67d66014b66a6a8aaa0c083c5fd58df4e4e97602"
  integrity sha512-FM9nNUYrRBAELZQT3xeZQ7fmMOBg6nWNmJKTcgsJeaLstP/UODVpGsr5OhXhhXg6f+qtJ8uiZ+PUxkDWcgIXLw==

node-emoji@^1.8.1:
  version "1.10.0"
  resolved "https://registry.yarnpkg.com/node-emoji/-/node-emoji-1.10.0.tgz#8886abd25d9c7bb61802a658523d1f8d2a89b2da"
  integrity sha512-Yt3384If5H6BYGVHiHwTL+99OzJKHhgp82S8/dktEK73T26BazdgZ4JZh92xSVtGNJvz9UbXdNAc5hcrXV42vw==
  dependencies:
    lodash.toarray "^4.4.0"

node-fetch@^1.0.1:
  version "1.7.3"
  resolved "https://registry.yarnpkg.com/node-fetch/-/node-fetch-1.7.3.tgz#980f6f72d85211a5347c6b2bc18c5b84c3eb47ef"
  integrity sha512-NhZ4CsKx7cYm2vSrBAr2PvFOe6sWDf0UYLRqA6svUYg7+/TSfVAu49jYC4BvQ4Sms9SZgdqGBgroqfDhJdTyKQ==
  dependencies:
    encoding "^0.1.11"
    is-stream "^1.0.1"

node-releases@^1.1.60:
  version "1.1.60"
  resolved "https://registry.yarnpkg.com/node-releases/-/node-releases-1.1.60.tgz#6948bdfce8286f0b5d0e5a88e8384e954dfe7084"
  integrity sha512-gsO4vjEdQaTusZAEebUWp2a5d7dF5DYoIpDG7WySnk7BuZDW+GPpHXoXXuYawRBr/9t5q54tirPz79kFIWg4dA==

normalize-range@^0.1.2:
  version "0.1.2"
  resolved "https://registry.yarnpkg.com/normalize-range/-/normalize-range-0.1.2.tgz#2d10c06bdfd312ea9777695a4d28439456b75942"
  integrity sha1-LRDAa9/TEuqXd2laTShDlFa3WUI=

normalize.css@^8.0.1:
  version "8.0.1"
  resolved "https://registry.yarnpkg.com/normalize.css/-/normalize.css-8.0.1.tgz#9b98a208738b9cc2634caacbc42d131c97487bf3"
  integrity sha512-qizSNPO93t1YUuUhP22btGOo3chcvDFqFaj2TRybP0DMxkHOCTYwp3n34fel4a31ORXy4m1Xq0Gyqpb5m33qIg==

num2fraction@^1.2.2:
  version "1.2.2"
  resolved "https://registry.yarnpkg.com/num2fraction/-/num2fraction-1.2.2.tgz#6f682b6a027a4e9ddfa4564cd2589d1d4e669ede"
  integrity sha1-b2gragJ6Tp3fpFZM0lidHU5mnt4=

object-assign@^4.1.0, object-assign@^4.1.1:
  version "4.1.1"
  resolved "https://registry.yarnpkg.com/object-assign/-/object-assign-4.1.1.tgz#2109adc7965887cfc05cbbd442cac8bfbb360863"
  integrity sha1-IQmtx5ZYh8/AXLvUQsrIv7s2CGM=

object-hash@^2.0.3:
  version "2.0.3"
  resolved "https://registry.yarnpkg.com/object-hash/-/object-hash-2.0.3.tgz#d12db044e03cd2ca3d77c0570d87225b02e1e6ea"
  integrity sha512-JPKn0GMu+Fa3zt3Bmr66JhokJU5BaNBIh4ZeTlaCBzrBsOeXzwcKKAK1tbLiPKgvwmPXsDvvLHoWh5Bm7ofIYg==

once@^1.3.0:
  version "1.4.0"
  resolved "https://registry.yarnpkg.com/once/-/once-1.4.0.tgz#583b1aa775961d4b113ac17d9c50baef9dd76bd1"
  integrity sha1-WDsap3WWHUsROsF9nFC6753Xa9E=
  dependencies:
    wrappy "1"

os-homedir@^1.0.1:
  version "1.0.2"
  resolved "https://registry.yarnpkg.com/os-homedir/-/os-homedir-1.0.2.tgz#ffbc4988336e0e833de0c168c7ef152121aa7fb3"
  integrity sha1-/7xJiDNuDoM94MFox+8VISGqf7M=

path-is-absolute@^1.0.0:
  version "1.0.1"
  resolved "https://registry.yarnpkg.com/path-is-absolute/-/path-is-absolute-1.0.1.tgz#174b9268735534ffbc7ace6bf53a5a9e1b5c5f5f"
  integrity sha1-F0uSaHNVNP+8es5r9TpanhtcX18=

path-parse@^1.0.6:
  version "1.0.6"
  resolved "https://registry.yarnpkg.com/path-parse/-/path-parse-1.0.6.tgz#d62dbb5679405d72c4737ec58600e9ddcf06d24c"
  integrity sha512-GSmOT2EbHrINBf9SR7CDELwlJ8AENk3Qn7OikK4nFYAu3Ote2+JYNVvkpAEQm3/TLNEJFD/xZJjzyxg3KBWOzw==

path-to-regexp@^1.7.0:
  version "1.8.0"
  resolved "https://registry.yarnpkg.com/path-to-regexp/-/path-to-regexp-1.8.0.tgz#887b3ba9d84393e87a0a0b9f4cb756198b53548a"
  integrity sha512-n43JRhlUKUAlibEJhPeir1ncUID16QnEjNpwzNdO3Lm4ywrBpBZ5oLD0I6br9evr1Y9JTqwRtAh7JLoOzAQdVA==
  dependencies:
    isarray "0.0.1"

postcss-functions@^3.0.0:
  version "3.0.0"
  resolved "https://registry.yarnpkg.com/postcss-functions/-/postcss-functions-3.0.0.tgz#0e94d01444700a481de20de4d55fb2640564250e"
  integrity sha1-DpTQFERwCkgd4g3k1V+yZAVkJQ4=
  dependencies:
    glob "^7.1.2"
    object-assign "^4.1.1"
    postcss "^6.0.9"
    postcss-value-parser "^3.3.0"

postcss-js@^2.0.0:
  version "2.0.3"
  resolved "https://registry.yarnpkg.com/postcss-js/-/postcss-js-2.0.3.tgz#a96f0f23ff3d08cec7dc5b11bf11c5f8077cdab9"
  integrity sha512-zS59pAk3deu6dVHyrGqmC3oDXBdNdajk4k1RyxeVXCrcEDBUBHoIhE4QTsmhxgzXxsaqFDAkUZfmMa5f/N/79w==
  dependencies:
    camelcase-css "^2.0.1"
    postcss "^7.0.18"

postcss-nested@^4.1.1:
  version "4.2.3"
  resolved "https://registry.yarnpkg.com/postcss-nested/-/postcss-nested-4.2.3.tgz#c6f255b0a720549776d220d00c4b70cd244136f6"
  integrity sha512-rOv0W1HquRCamWy2kFl3QazJMMe1ku6rCFoAAH+9AcxdbpDeBr6k968MLWuLjvjMcGEip01ak09hKOEgpK9hvw==
  dependencies:
    postcss "^7.0.32"
    postcss-selector-parser "^6.0.2"

postcss-selector-parser@^6.0.0, postcss-selector-parser@^6.0.2:
  version "6.0.2"
  resolved "https://registry.yarnpkg.com/postcss-selector-parser/-/postcss-selector-parser-6.0.2.tgz#934cf799d016c83411859e09dcecade01286ec5c"
  integrity sha512-36P2QR59jDTOAiIkqEprfJDsoNrvwFei3eCqKd1Y0tUsBimsq39BLp7RD+JWny3WgB1zGhJX8XVePwm9k4wdBg==
  dependencies:
    cssesc "^3.0.0"
    indexes-of "^1.0.1"
    uniq "^1.0.1"

postcss-value-parser@^3.3.0:
  version "3.3.1"
  resolved "https://registry.yarnpkg.com/postcss-value-parser/-/postcss-value-parser-3.3.1.tgz#9ff822547e2893213cf1c30efa51ac5fd1ba8281"
  integrity sha512-pISE66AbVkp4fDQ7VHBwRNXzAAKJjw4Vw7nWI/+Q3vuly7SNfgYXvm6i5IgFylHGK5sP/xHAbB7N49OS4gWNyQ==

postcss-value-parser@^4.1.0:
  version "4.1.0"
  resolved "https://registry.yarnpkg.com/postcss-value-parser/-/postcss-value-parser-4.1.0.tgz#443f6a20ced6481a2bda4fa8532a6e55d789a2cb"
  integrity sha512-97DXOFbQJhk71ne5/Mt6cOu6yxsSfM0QGQyl0L25Gca4yGWEGJaig7l7gbCX623VqTBNGLRLaVUCnNkcedlRSQ==

postcss@7.0.32, postcss@^7.0.11, postcss@^7.0.18, postcss@^7.0.32:
  version "7.0.32"
  resolved "https://registry.yarnpkg.com/postcss/-/postcss-7.0.32.tgz#4310d6ee347053da3433db2be492883d62cec59d"
  integrity sha512-03eXong5NLnNCD05xscnGKGDZ98CyzoqPSMjOe6SuoQY7Z2hIj0Ld1g/O/UQRuOle2aRtiIRDg9tDcTGAkLfKw==
  dependencies:
    chalk "^2.4.2"
    source-map "^0.6.1"
    supports-color "^6.1.0"

postcss@^6.0.9:
  version "6.0.23"
  resolved "https://registry.yarnpkg.com/postcss/-/postcss-6.0.23.tgz#61c82cc328ac60e677645f979054eb98bc0e3324"
  integrity sha512-soOk1h6J3VMTZtVeVpv15/Hpdl2cBLX3CAw4TAbkpTJiNPk9YP/zWcD1ND+xEtvyuuvKzbxliTOIyvkSeSJ6ag==
  dependencies:
    chalk "^2.4.1"
    source-map "^0.6.1"
    supports-color "^5.4.0"

pretty-hrtime@^1.0.3:
  version "1.0.3"
  resolved "https://registry.yarnpkg.com/pretty-hrtime/-/pretty-hrtime-1.0.3.tgz#b7e3ea42435a4c9b2759d99e0f201eb195802ee1"
  integrity sha1-t+PqQkNaTJsnWdmeDyAesZWALuE=

prism-react-renderer@^1.0.1, prism-react-renderer@^1.1.1:
  version "1.1.1"
  resolved "https://registry.yarnpkg.com/prism-react-renderer/-/prism-react-renderer-1.1.1.tgz#1c1be61b1eb9446a146ca7a50b7bcf36f2a70a44"
  integrity sha512-MgMhSdHuHymNRqD6KM3eGS0PNqgK9q4QF5P0yoQQvpB6jNjeSAi3jcSAz0Sua/t9fa4xDOMar9HJbLa08gl9ug==

promise@^7.1.1:
  version "7.3.1"
  resolved "https://registry.yarnpkg.com/promise/-/promise-7.3.1.tgz#064b72602b18f90f29192b8b1bc418ffd1ebd3bf"
  integrity sha512-nolQXZ/4L+bP/UGlkfaIujX9BKxGwmQ9OT4mOt5yvy8iK1h3wqTEJCijzGANTCCl9nWjY41juyAn2K3Q1hLLTg==
  dependencies:
    asap "~2.0.3"

prop-types@^15.5.8, prop-types@^15.6.2:
  version "15.7.2"
  resolved "https://registry.yarnpkg.com/prop-types/-/prop-types-15.7.2.tgz#52c41e75b8c87e72b9d9360e0206b99dcbffa6c5"
  integrity sha512-8QQikdH7//R2vurIJSutZ1smHYTcLpRWEOlHnzcWHmBYrOGUysKwSsrC89BCiFj3CbrfJ/nXFdJepOVrY1GCHQ==
  dependencies:
    loose-envify "^1.4.0"
    object-assign "^4.1.1"
    react-is "^16.8.1"

purgecss@^2.3.0:
  version "2.3.0"
  resolved "https://registry.yarnpkg.com/purgecss/-/purgecss-2.3.0.tgz#5327587abf5795e6541517af8b190a6fb5488bb3"
  integrity sha512-BE5CROfVGsx2XIhxGuZAT7rTH9lLeQx/6M0P7DTXQH4IUc3BBzs9JUzt4yzGf3JrH9enkeq6YJBe9CTtkm1WmQ==
  dependencies:
    commander "^5.0.0"
    glob "^7.0.0"
    postcss "7.0.32"
    postcss-selector-parser "^6.0.2"

react-app-rewired@^2.1.6:
  version "2.1.6"
  resolved "https://registry.yarnpkg.com/react-app-rewired/-/react-app-rewired-2.1.6.tgz#33ee3076a7f34d6a7c94e649cac67e7c8c580de8"
  integrity sha512-06flj0kK5tf/RN4naRv/sn6j3sQd7rsURoRLKLpffXDzJeNiAaTNic+0I8Basojy5WDwREkTqrMLewSAjcb13w==
  dependencies:
    semver "^5.6.0"

"react-dom@link:../node_modules/react-dom":
  version "0.0.0"
  uid ""

react-is@^16.6.0, react-is@^16.7.0, react-is@^16.8.1:
  version "16.13.1"
  resolved "https://registry.yarnpkg.com/react-is/-/react-is-16.13.1.tgz#789729a4dc36de2999dc156dd6c1d9c18cea56a4"
  integrity sha512-24e6ynE2H+OKt4kqsOvNd8kBpV65zoxbA4BVsEOB3ARVWQki/DHzaUoC5KuON/BiccDaCCTZBuOcfZs70kR8bQ==

react-live@^2.2.2:
  version "2.2.2"
  resolved "https://registry.yarnpkg.com/react-live/-/react-live-2.2.2.tgz#834edf1c11204e49fa7468166316b2e70da1a6b0"
  integrity sha512-kJYAzKnPsR4oXleAX9lLsJA330BhTmSWHhr3ienZA2E/0eFDRodGl3I7sge8pp1vjc2K5Aaz73KpFUnV7Lq/DQ==
  dependencies:
    buble "0.19.6"
    core-js "^2.4.1"
    create-react-context "0.2.2"
    dom-iterator "^1.0.0"
    prism-react-renderer "^1.0.1"
    prop-types "^15.5.8"
    react-simple-code-editor "^0.10.0"
    unescape "^1.0.1"

react-router-dom@^5.2.0:
  version "5.2.0"
  resolved "https://registry.yarnpkg.com/react-router-dom/-/react-router-dom-5.2.0.tgz#9e65a4d0c45e13289e66c7b17c7e175d0ea15662"
  integrity sha512-gxAmfylo2QUjcwxI63RhQ5G85Qqt4voZpUXSEqCwykV0baaOTQDR1f0PmY8AELqIyVc0NEZUj0Gov5lNGcXgsA==
  dependencies:
    "@babel/runtime" "^7.1.2"
    history "^4.9.0"
    loose-envify "^1.3.1"
    prop-types "^15.6.2"
    react-router "5.2.0"
    tiny-invariant "^1.0.2"
    tiny-warning "^1.0.0"

react-router@5.2.0:
  version "5.2.0"
  resolved "https://registry.yarnpkg.com/react-router/-/react-router-5.2.0.tgz#424e75641ca8747fbf76e5ecca69781aa37ea293"
  integrity sha512-smz1DUuFHRKdcJC0jobGo8cVbhO3x50tCL4icacOlcwDOEQPq4TMqwx3sY1TP+DvtTgz4nm3thuo7A+BK2U0Dw==
  dependencies:
    "@babel/runtime" "^7.1.2"
    history "^4.9.0"
    hoist-non-react-statics "^3.1.0"
    loose-envify "^1.3.1"
    mini-create-react-context "^0.4.0"
    path-to-regexp "^1.7.0"
    prop-types "^15.6.2"
    react-is "^16.6.0"
    tiny-invariant "^1.0.2"
    tiny-warning "^1.0.0"

"react-scripts@link:../node_modules/react-scripts":
  version "0.0.0"
  uid ""

react-simple-code-editor@^0.10.0:
  version "0.10.0"
  resolved "https://registry.yarnpkg.com/react-simple-code-editor/-/react-simple-code-editor-0.10.0.tgz#73e7ac550a928069715482aeb33ccba36efe2373"
  integrity sha512-bL5W5mAxSW6+cLwqqVWY47Silqgy2DKDTR4hDBrLrUqC5BXc29YVx17l2IZk5v36VcDEq1Bszu2oHm1qBwKqBA==

"react@link:../node_modules/react":
  version "0.0.0"
  uid ""

reduce-css-calc@^2.1.6:
  version "2.1.7"
  resolved "https://registry.yarnpkg.com/reduce-css-calc/-/reduce-css-calc-2.1.7.tgz#1ace2e02c286d78abcd01fd92bfe8097ab0602c2"
  integrity sha512-fDnlZ+AybAS3C7Q9xDq5y8A2z+lT63zLbynew/lur/IR24OQF5x98tfNwf79mzEdfywZ0a2wpM860FhFfMxZlA==
  dependencies:
    css-unit-converter "^1.1.1"
    postcss-value-parser "^3.3.0"

regenerate-unicode-properties@^8.2.0:
  version "8.2.0"
  resolved "https://registry.yarnpkg.com/regenerate-unicode-properties/-/regenerate-unicode-properties-8.2.0.tgz#e5de7111d655e7ba60c057dbe9ff37c87e65cdec"
  integrity sha512-F9DjY1vKLo/tPePDycuH3dn9H1OTPIkVD9Kz4LODu+F2C75mgjAJ7x/gwy6ZcSNRAAkhNlJSOHRe8k3p+K9WhA==
  dependencies:
    regenerate "^1.4.0"

regenerate@^1.4.0:
  version "1.4.1"
  resolved "https://registry.yarnpkg.com/regenerate/-/regenerate-1.4.1.tgz#cad92ad8e6b591773485fbe05a485caf4f457e6f"
  integrity sha512-j2+C8+NtXQgEKWk49MMP5P/u2GhnahTtVkRIHr5R5lVRlbKvmQ+oS+A5aLKWp2ma5VkT8sh6v+v4hbH0YHR66A==

regenerator-runtime@^0.13.4:
  version "0.13.7"
  resolved "https://registry.yarnpkg.com/regenerator-runtime/-/regenerator-runtime-0.13.7.tgz#cac2dacc8a1ea675feaabaeb8ae833898ae46f55"
  integrity sha512-a54FxoJDIr27pgf7IgeQGxmqUNYrcV338lf/6gH456HZ/PhX+5BcwHXG9ajESmwe6WRO0tAzRUrRmNONWgkrew==

regexpu-core@^4.2.0:
  version "4.7.0"
  resolved "https://registry.yarnpkg.com/regexpu-core/-/regexpu-core-4.7.0.tgz#fcbf458c50431b0bb7b45d6967b8192d91f3d938"
  integrity sha512-TQ4KXRnIn6tz6tjnrXEkD/sshygKH/j5KzK86X8MkeHyZ8qst/LZ89j3X4/8HEIfHANTFIP/AbXakeRhWIl5YQ==
  dependencies:
    regenerate "^1.4.0"
    regenerate-unicode-properties "^8.2.0"
    regjsgen "^0.5.1"
    regjsparser "^0.6.4"
    unicode-match-property-ecmascript "^1.0.4"
    unicode-match-property-value-ecmascript "^1.2.0"

regjsgen@^0.5.1:
  version "0.5.2"
  resolved "https://registry.yarnpkg.com/regjsgen/-/regjsgen-0.5.2.tgz#92ff295fb1deecbf6ecdab2543d207e91aa33733"
  integrity sha512-OFFT3MfrH90xIW8OOSyUrk6QHD5E9JOTeGodiJeBS3J6IwlgzJMNE/1bZklWz5oTg+9dCMyEetclvCVXOPoN3A==

regjsparser@^0.6.4:
  version "0.6.4"
  resolved "https://registry.yarnpkg.com/regjsparser/-/regjsparser-0.6.4.tgz#a769f8684308401a66e9b529d2436ff4d0666272"
  integrity sha512-64O87/dPDgfk8/RQqC4gkZoGyyWFIEUTTh80CU6CWuK5vkCGyekIx+oKcEIYtP/RAxSQltCZHCNu/mdd7fqlJw==
  dependencies:
    jsesc "~0.5.0"

resolve-pathname@^3.0.0:
  version "3.0.0"
  resolved "https://registry.yarnpkg.com/resolve-pathname/-/resolve-pathname-3.0.0.tgz#99d02224d3cf263689becbb393bc560313025dcd"
  integrity sha512-C7rARubxI8bXFNB/hqcp/4iUeIXJhJZvFPFPiSPRnhU5UPxzMFIl+2E6yY6c4k9giDJAhtV+enfA+G89N6Csng==

resolve@^1.14.2:
  version "1.17.0"
  resolved "https://registry.yarnpkg.com/resolve/-/resolve-1.17.0.tgz#b25941b54968231cc2d1bb76a79cb7f2c0bf8444"
  integrity sha512-ic+7JYiV8Vi2yzQGFWOkiZD5Z9z7O2Zhm9XMaTxdJExKasieFCr+yXZ/WmXsckHiKl12ar0y6XiXDx3m4RHn1w==
  dependencies:
    path-parse "^1.0.6"

"safer-buffer@>= 2.1.2 < 3.0.0":
  version "2.1.2"
  resolved "https://registry.yarnpkg.com/safer-buffer/-/safer-buffer-2.1.2.tgz#44fa161b0187b9549dd84bb91802f9bd8385cd6a"
  integrity sha512-YZo3K82SD7Riyi0E1EQPojLz7kpepnSQI9IyPbHHg1XXXevb5dJI7tpyN2ADxGcQbHG7vcyRHk0cbwqcQriUtg==

semver@^5.6.0:
  version "5.7.1"
  resolved "https://registry.yarnpkg.com/semver/-/semver-5.7.1.tgz#a954f931aeba508d307bbf069eff0c01c96116f7"
  integrity sha512-sauaDf/PZdVgrLTNYHRtpXa1iRiKcaebiKQ1BJdpQlWH2lCvexQdX55snPFyK7QzpudqbCI0qXFfOasHdyNDGQ==

setimmediate@^1.0.5:
  version "1.0.5"
  resolved "https://registry.yarnpkg.com/setimmediate/-/setimmediate-1.0.5.tgz#290cbb232e306942d7d7ea9b83732ab7856f8285"
  integrity sha1-KQy7Iy4waULX1+qbg3Mqt4VvgoU=

simple-swizzle@^0.2.2:
  version "0.2.2"
  resolved "https://registry.yarnpkg.com/simple-swizzle/-/simple-swizzle-0.2.2.tgz#a4da6b635ffcccca33f70d17cb92592de95e557a"
  integrity sha1-pNprY1/8zMoz9w0Xy5JZLeleVXo=
  dependencies:
    is-arrayish "^0.3.1"

source-map@^0.6.1:
  version "0.6.1"
  resolved "https://registry.yarnpkg.com/source-map/-/source-map-0.6.1.tgz#74722af32e9614e9c287a8d0bbde48b5e2f1a263"
  integrity sha512-UjgapumWlbMhkBgzT7Ykc5YXUT46F0iKu8SGXq0bcwP5dz/h0Plj6enJqjz1Zbq2l5WaqYnrVbwWOWMyF3F47g==

sourcemap-codec@^1.4.4:
  version "1.4.8"
  resolved "https://registry.yarnpkg.com/sourcemap-codec/-/sourcemap-codec-1.4.8.tgz#ea804bd94857402e6992d05a38ef1ae35a9ab4c4"
  integrity sha512-9NykojV5Uih4lgo5So5dtw+f0JgJX30KCNI8gwhz2J9A15wD0Ml6tjHKwf6fTSa6fAdVBdZeNOs9eJ71qCk8vA==

supports-color@^5.3.0, supports-color@^5.4.0:
  version "5.5.0"
  resolved "https://registry.yarnpkg.com/supports-color/-/supports-color-5.5.0.tgz#e2e69a44ac8772f78a1ec0b35b689df6530efc8f"
  integrity sha512-QjVjwdXIt408MIiAqCX4oUKsgU2EqAGzs2Ppkm4aQYbjm+ZEWEcW4SfFNTr4uMNZma0ey4f5lgLrkB0aX0QMow==
  dependencies:
    has-flag "^3.0.0"

supports-color@^6.1.0:
  version "6.1.0"
  resolved "https://registry.yarnpkg.com/supports-color/-/supports-color-6.1.0.tgz#0764abc69c63d5ac842dd4867e8d025e880df8f3"
  integrity sha512-qe1jfm1Mg7Nq/NSh6XE24gPXROEVsWHxC1LIx//XNlD9iw7YZQGjZNjYN7xGaEG6iKdA8EtNFW6R0gjnVXp+wQ==
  dependencies:
    has-flag "^3.0.0"

supports-color@^7.1.0:
  version "7.2.0"
  resolved "https://registry.yarnpkg.com/supports-color/-/supports-color-7.2.0.tgz#1b7dcdcb32b8138801b3e478ba6a51caa89648da"
  integrity sha512-qpCAvRl9stuOHveKsn7HncJRvv501qIacKzQlO/+Lwxc9+0q2wLyv4Dfvt80/DPn2pqOBsJdDiogXGR9+OvwRw==
  dependencies:
    has-flag "^4.0.0"

tailwindcss@^1.8.2:
  version "1.8.2"
  resolved "https://registry.yarnpkg.com/tailwindcss/-/tailwindcss-1.8.2.tgz#72374608676e7a05e3db5ead74f3ac51df54c73e"
  integrity sha512-Acz4b2caMlrnv9zCmmwENjcktV7rblaMYGwGUT6woqmwnttLZ9ePj7yynSCln/Aky/4SGyduf7y3yk/QZNw+vw==
  dependencies:
    "@fullhuman/postcss-purgecss" "^2.1.2"
    autoprefixer "^9.4.5"
    browserslist "^4.12.0"
    bytes "^3.0.0"
    chalk "^3.0.0 || ^4.0.0"
    color "^3.1.2"
    detective "^5.2.0"
    fs-extra "^8.0.0"
    html-tags "^3.1.0"
    lodash "^4.17.20"
    node-emoji "^1.8.1"
    normalize.css "^8.0.1"
    object-hash "^2.0.3"
    postcss "^7.0.11"
    postcss-functions "^3.0.0"
    postcss-js "^2.0.0"
    postcss-nested "^4.1.1"
    postcss-selector-parser "^6.0.0"
    postcss-value-parser "^4.1.0"
    pretty-hrtime "^1.0.3"
    reduce-css-calc "^2.1.6"
    resolve "^1.14.2"

tiny-invariant@^1.0.2:
  version "1.1.0"
  resolved "https://registry.yarnpkg.com/tiny-invariant/-/tiny-invariant-1.1.0.tgz#634c5f8efdc27714b7f386c35e6760991d230875"
  integrity sha512-ytxQvrb1cPc9WBEI/HSeYYoGD0kWnGEOR8RY6KomWLBVhqz0RgTwVO9dLrGz7dC+nN9llyI7OKAgRq8Vq4ZBSw==

tiny-warning@^1.0.0, tiny-warning@^1.0.3:
  version "1.0.3"
  resolved "https://registry.yarnpkg.com/tiny-warning/-/tiny-warning-1.0.3.tgz#94a30db453df4c643d0fd566060d60a875d84754"
  integrity sha512-lBN9zLN/oAf68o3zNXYrdCt1kP8WsiGW8Oo2ka41b2IM5JL/S1CTyX1rW0mb/zSuJun0ZUrDxx4sqvYS2FWzPA==

"typescript@link:../node_modules/typescript":
  version "0.0.0"
  uid ""

ua-parser-js@^0.7.18:
  version "0.7.21"
  resolved "https://registry.yarnpkg.com/ua-parser-js/-/ua-parser-js-0.7.21.tgz#853cf9ce93f642f67174273cc34565ae6f308777"
  integrity sha512-+O8/qh/Qj8CgC6eYBVBykMrNtp5Gebn4dlGD/kKXVkJNDwyrAwSIqwz8CDf+tsAIWVycKcku6gIXJ0qwx/ZXaQ==

unescape@^1.0.1:
  version "1.0.1"
  resolved "https://registry.yarnpkg.com/unescape/-/unescape-1.0.1.tgz#956e430f61cad8a4d57d82c518f5e6cc5d0dda96"
  integrity sha512-O0+af1Gs50lyH1nUu3ZyYS1cRh01Q/kUKatTOkSs7jukXE6/NebucDVxyiDsA9AQ4JC1V1jUH9EO8JX2nMDgGQ==
  dependencies:
    extend-shallow "^2.0.1"

unicode-canonical-property-names-ecmascript@^1.0.4:
  version "1.0.4"
  resolved "https://registry.yarnpkg.com/unicode-canonical-property-names-ecmascript/-/unicode-canonical-property-names-ecmascript-1.0.4.tgz#2619800c4c825800efdd8343af7dd9933cbe2818"
  integrity sha512-jDrNnXWHd4oHiTZnx/ZG7gtUTVp+gCcTTKr8L0HjlwphROEW3+Him+IpvC+xcJEFegapiMZyZe02CyuOnRmbnQ==

unicode-match-property-ecmascript@^1.0.4:
  version "1.0.4"
  resolved "https://registry.yarnpkg.com/unicode-match-property-ecmascript/-/unicode-match-property-ecmascript-1.0.4.tgz#8ed2a32569961bce9227d09cd3ffbb8fed5f020c"
  integrity sha512-L4Qoh15vTfntsn4P1zqnHulG0LdXgjSO035fEpdtp6YxXhMT51Q6vgM5lYdG/5X3MjS+k/Y9Xw4SFCY9IkR0rg==
  dependencies:
    unicode-canonical-property-names-ecmascript "^1.0.4"
    unicode-property-aliases-ecmascript "^1.0.4"

unicode-match-property-value-ecmascript@^1.2.0:
  version "1.2.0"
  resolved "https://registry.yarnpkg.com/unicode-match-property-value-ecmascript/-/unicode-match-property-value-ecmascript-1.2.0.tgz#0d91f600eeeb3096aa962b1d6fc88876e64ea531"
  integrity sha512-wjuQHGQVofmSJv1uVISKLE5zO2rNGzM/KCYZch/QQvez7C1hUhBIuZ701fYXExuufJFMPhv2SyL8CyoIfMLbIQ==

unicode-property-aliases-ecmascript@^1.0.4:
  version "1.1.0"
  resolved "https://registry.yarnpkg.com/unicode-property-aliases-ecmascript/-/unicode-property-aliases-ecmascript-1.1.0.tgz#dd57a99f6207bedff4628abefb94c50db941c8f4"
  integrity sha512-PqSoPh/pWetQ2phoj5RLiaqIk4kCNwoV3CI+LfGmWLKI3rE3kl1h59XpX2BjgDrmbxD9ARtQobPGU1SguCYuQg==

uniq@^1.0.1:
  version "1.0.1"
  resolved "https://registry.yarnpkg.com/uniq/-/uniq-1.0.1.tgz#b31c5ae8254844a3a8281541ce2b04b865a734ff"
  integrity sha1-sxxa6CVIRKOoKBVBzisEuGWnNP8=

universalify@^0.1.0:
  version "0.1.2"
  resolved "https://registry.yarnpkg.com/universalify/-/universalify-0.1.2.tgz#b646f69be3942dabcecc9d6639c80dc105efaa66"
  integrity sha512-rBJeI5CXAlmy1pV+617WB9J63U6XcazHHF2f2dbJix4XzpUF0RS3Zbj0FGIOCAva5P/d/GBOYaACQ1w+0azUkg==

value-equal@^1.0.1:
  version "1.0.1"
  resolved "https://registry.yarnpkg.com/value-equal/-/value-equal-1.0.1.tgz#1e0b794c734c5c0cade179c437d356d931a34d6c"
  integrity sha512-NOJ6JZCAWr0zlxZt+xqCHNTEKOsrks2HQd4MqhP1qy4z1SkbEP467eNx6TgDKXMvUOb+OENfJCZwM+16n7fRfw==

vlq@^1.0.0:
  version "1.0.1"
  resolved "https://registry.yarnpkg.com/vlq/-/vlq-1.0.1.tgz#c003f6e7c0b4c1edd623fd6ee50bbc0d6a1de468"
  integrity sha512-gQpnTgkubC6hQgdIcRdYGDSDc+SaujOdyesZQMv6JlfQee/9Mp0Qhnys6WxDWvQnL5WZdT7o2Ul187aSt0Rq+w==

whatwg-fetch@>=0.10.0:
  version "3.4.1"
  resolved "https://registry.yarnpkg.com/whatwg-fetch/-/whatwg-fetch-3.4.1.tgz#e5f871572d6879663fa5674c8f833f15a8425ab3"
  integrity sha512-sofZVzE1wKwO+EYPbWfiwzaKovWiZXf4coEzjGP9b2GBVgQRLQUZ2QcuPpQExGDAW5GItpEm6Tl4OU5mywnAoQ==

wrappy@1:
  version "1.0.2"
  resolved "https://registry.yarnpkg.com/wrappy/-/wrappy-1.0.2.tgz#b5243d8f3ec1aa35f1364605bc0d1036e30ab69f"
  integrity sha1-tSQ9jz7BqjXxNkYFvA0QNuMKtp8=

"xstate@link:../node_modules/xstate":
  version "0.0.0"
  uid ""

xtend@^4.0.2:
  version "4.0.2"
  resolved "https://registry.yarnpkg.com/xtend/-/xtend-4.0.2.tgz#bb72779f5fa465186b1f438f674fa347fdb5db54"
  integrity sha512-LKYU1iAXJXUgAXn9URjiu+MWhyUXHsvfp7mcuYm9dSUKK0/CjtrUwFAxD82/mCWbtLsGjFIad0wIsod4zrTAEQ==
